
Microsoft Visual Studio Solution File, Format Version 12.00
# Visual Studio Version 16
VisualStudioVersion = 16.0.30717.126
MinimumVisualStudioVersion = 10.0.40219.1
Project("{FAE04EC0-301F-11D3-BF4B-00C04F79EFBC}") = "TravelAgency", "TravelAgency\TravelAgency.csproj", "{64AAA6A0-ACFF-4A42-BD96-1644E8B6705C}"
EndProject
Global
	GlobalSection(SolutionConfigurationPlatforms) = preSolution
		Debug|Any CPU = Debug|Any CPU
		Release|Any CPU = Release|Any CPU
	EndGlobalSection
	GlobalSection(ProjectConfigurationPlatforms) = postSolution
		{64AAA6A0-ACFF-4A42-BD96-1644E8B6705C}.Debug|Any CPU.ActiveCfg = Release|Any CPU
		{64AAA6A0-ACFF-4A42-BD96-1644E8B6705C}.Debug|Any CPU.Build.0 = Release|Any CPU
		{64AAA6A0-ACFF-4A42-BD96-1644E8B6705C}.Release|Any CPU.ActiveCfg = Release|Any CPU
		{64AAA6A0-ACFF-4A42-BD96-1644E8B6705C}.Release|Any CPU.Build.0 = Release|Any CPU
	EndGlobalSection
	GlobalSection(SolutionProperties) = preSolution
		HideSolutionNode = FALSE
	EndGlobalSection
	GlobalSection(ExtensibilityGlobals) = postSolution
		SolutionGuid = {75782879-4102-43F7-AD2B-C85C3E5ACE58}
	EndGlobalSection
EndGlobal
